{
  "name": "tokenizers-js",
  "version": "0.1.0",
  "lockfileVersion": 2,
  "requires": true,
  "packages": {
    "": {
      "version": "0.1.0",
      "license": "(MIT OR Apache-2.0)",
      "dependencies": {
        "tokenizers-wasm": "file:../pkg"
      },
      "devDependencies": {}
    },
    "../pkg": {
      "version": "0.1.0"
    },
    "node_modules/tokenizers-wasm": {
      "resolved": "../pkg",
      "link": true
    }
  },
  "dependencies": {
    "tokenizers-wasm": {
      "version": "file:../pkg"
    }
  }
}
